
Microsoft Visual Studio Solution File, Format Version 12.00
# Visual Studio Version 16
VisualStudioVersion = 16.0.29905.134
MinimumVisualStudioVersion = 10.0.40219.1
Project("{FAE04EC0-301F-11D3-BF4B-00C04F79EFBC}") = "current apps", "current apps.csproj", "{FE40A648-FA7B-4936-99AB-FB873B1A2181}"
EndProject
Global
	GlobalSection(SolutionConfigurationPlatforms) = preSolution
		Debug|Any CPU = Debug|Any CPU
		Release|Any CPU = Release|Any CPU
	EndGlobalSection
	GlobalSection(ProjectConfigurationPlatforms) = postSolution
		{FE40A648-FA7B-4936-99AB-FB873B1A2181}.Debug|Any CPU.ActiveCfg = Debug|Any CPU
		{FE40A648-FA7B-4936-99AB-FB873B1A2181}.Debug|Any CPU.Build.0 = Debug|Any CPU
		{FE40A648-FA7B-4936-99AB-FB873B1A2181}.Release|Any CPU.ActiveCfg = Release|Any CPU
		{FE40A648-FA7B-4936-99AB-FB873B1A2181}.Release|Any CPU.Build.0 = Release|Any CPU
	EndGlobalSection
	GlobalSection(SolutionProperties) = preSolution
		HideSolutionNode = FALSE
	EndGlobalSection
	GlobalSection(ExtensibilityGlobals) = postSolution
		SolutionGuid = {8FDB115D-064D-4EC1-8E54-D4BD53C69EBB}
	EndGlobalSection
EndGlobal
